
Microsoft Visual Studio Solution File, Format Version 12.00
# Visual Studio 15
VisualStudioVersion = 15.0.28307.168
MinimumVisualStudioVersion = 10.0.40219.1
Project("{FAE04EC0-301F-11D3-BF4B-00C04F79EFBC}") = "ProjectWeb", "ProjectWeb\ProjectWeb.csproj", "{13A5AF97-6A21-4860-9463-09A8CDB3D57E}"
EndProject
Project("{FAE04EC0-301F-11D3-BF4B-00C04F79EFBC}") = "ProjectWeb.Global", "ProjectWeb.Global\ProjectWeb.Global.csproj", "{7C1D9010-F2D5-4244-8C96-11E3DA7B535C}"
EndProject
Project("{FAE04EC0-301F-11D3-BF4B-00C04F79EFBC}") = "ProjectWeb.Mysql", "ProjectWeb.Mysql\ProjectWeb.Mysql.csproj", "{C7B6D277-A7DB-456F-A4DA-E5EB133602BF}"
EndProject
Project("{FAE04EC0-301F-11D3-BF4B-00C04F79EFBC}") = "ProjectWeb.Other", "ProjectWeb.Other\ProjectWeb.Other.csproj", "{E59D670B-707B-4FA1-976C-1AFAE8AAAEAE}"
EndProject
Global
	GlobalSection(SolutionConfigurationPlatforms) = preSolution
		Debug|Any CPU = Debug|Any CPU
		Release|Any CPU = Release|Any CPU
	EndGlobalSection
	GlobalSection(ProjectConfigurationPlatforms) = postSolution
		{13A5AF97-6A21-4860-9463-09A8CDB3D57E}.Debug|Any CPU.ActiveCfg = Debug|Any CPU
		{13A5AF97-6A21-4860-9463-09A8CDB3D57E}.Debug|Any CPU.Build.0 = Debug|Any CPU
		{13A5AF97-6A21-4860-9463-09A8CDB3D57E}.Release|Any CPU.ActiveCfg = Release|Any CPU
		{13A5AF97-6A21-4860-9463-09A8CDB3D57E}.Release|Any CPU.Build.0 = Release|Any CPU
		{7C1D9010-F2D5-4244-8C96-11E3DA7B535C}.Debug|Any CPU.ActiveCfg = Debug|Any CPU
		{7C1D9010-F2D5-4244-8C96-11E3DA7B535C}.Debug|Any CPU.Build.0 = Debug|Any CPU
		{7C1D9010-F2D5-4244-8C96-11E3DA7B535C}.Release|Any CPU.ActiveCfg = Release|Any CPU
		{7C1D9010-F2D5-4244-8C96-11E3DA7B535C}.Release|Any CPU.Build.0 = Release|Any CPU
		{C7B6D277-A7DB-456F-A4DA-E5EB133602BF}.Debug|Any CPU.ActiveCfg = Debug|Any CPU
		{C7B6D277-A7DB-456F-A4DA-E5EB133602BF}.Debug|Any CPU.Build.0 = Debug|Any CPU
		{C7B6D277-A7DB-456F-A4DA-E5EB133602BF}.Release|Any CPU.ActiveCfg = Release|Any CPU
		{C7B6D277-A7DB-456F-A4DA-E5EB133602BF}.Release|Any CPU.Build.0 = Release|Any CPU
		{E59D670B-707B-4FA1-976C-1AFAE8AAAEAE}.Debug|Any CPU.ActiveCfg = Debug|Any CPU
		{E59D670B-707B-4FA1-976C-1AFAE8AAAEAE}.Debug|Any CPU.Build.0 = Debug|Any CPU
		{E59D670B-707B-4FA1-976C-1AFAE8AAAEAE}.Release|Any CPU.ActiveCfg = Release|Any CPU
		{E59D670B-707B-4FA1-976C-1AFAE8AAAEAE}.Release|Any CPU.Build.0 = Release|Any CPU
	EndGlobalSection
	GlobalSection(SolutionProperties) = preSolution
		HideSolutionNode = FALSE
	EndGlobalSection
	GlobalSection(ExtensibilityGlobals) = postSolution
		SolutionGuid = {C4972548-407C-410B-92A0-10B6E92B1A46}
	EndGlobalSection
EndGlobal
